// !$*UTF8*$!
{
	archiveVersion = 1;
	classes = {
	};
	objectVersion = 46;
	objects = {

/* Begin PBXBuildFile section */
		260A79161C562FBF00EFC5F1 /* AppDelegate.swift in Sources */ = {isa = PBXBuildFile; fileRef = 260A79151C562FBF00EFC5F1 /* AppDelegate.swift */; };
		260A791D1C562FBF00EFC5F1 /* Assets.xcassets in Resources */ = {isa = PBXBuildFile; fileRef = 260A791C1C562FBF00EFC5F1 /* Assets.xcassets */; };
		260A79201C562FBF00EFC5F1 /* LaunchScreen.storyboard in Resources */ = {isa = PBXBuildFile; fileRef = 260A791E1C562FBF00EFC5F1 /* LaunchScreen.storyboard */; };
		260A792A1C562FE600EFC5F1 /* StringExtension.swift in Sources */ = {isa = PBXBuildFile; fileRef = 260A79291C562FE600EFC5F1 /* StringExtension.swift */; };
		260A794D1C572A3300EFC5F1 /* NSDateExtension.swift in Sources */ = {isa = PBXBuildFile; fileRef = 260A794C1C572A3300EFC5F1 /* NSDateExtension.swift */; };
		260A79511C572B2200EFC5F1 /* UIExtension.swift in Sources */ = {isa = PBXBuildFile; fileRef = 260A79501C572B2200EFC5F1 /* UIExtension.swift */; };
		260A79531C572CF100EFC5F1 /* Utilities.swift in Sources */ = {isa = PBXBuildFile; fileRef = 260A79521C572CF100EFC5F1 /* Utilities.swift */; };
		260A79551C5730F600EFC5F1 /* ContactPickerIntention.swift in Sources */ = {isa = PBXBuildFile; fileRef = 260A79541C5730F600EFC5F1 /* ContactPickerIntention.swift */; };
		260A79581C57316200EFC5F1 /* ExpandTextField.swift in Sources */ = {isa = PBXBuildFile; fileRef = 260A79571C57316200EFC5F1 /* ExpandTextField.swift */; };
		260A795A1C5731AB00EFC5F1 /* ImageSlideShowIntention.swift in Sources */ = {isa = PBXBuildFile; fileRef = 260A79591C5731AB00EFC5F1 /* ImageSlideShowIntention.swift */; };
		260A79611C575A5100EFC5F1 /* KPageViewController.swift in Sources */ = {isa = PBXBuildFile; fileRef = 260A795E1C575A5100EFC5F1 /* KPageViewController.swift */; };
		260A79621C575A5100EFC5F1 /* PageItemController.swift in Sources */ = {isa = PBXBuildFile; fileRef = 260A795F1C575A5100EFC5F1 /* PageItemController.swift */; };
		260A79631C575A5100EFC5F1 /* MainViewController.swift in Sources */ = {isa = PBXBuildFile; fileRef = 260A79601C575A5100EFC5F1 /* MainViewController.swift */; };
		260A79681C575F8100EFC5F1 /* BarButtonNumber.swift in Sources */ = {isa = PBXBuildFile; fileRef = 260A79651C575F8100EFC5F1 /* BarButtonNumber.swift */; };
		260A79691C575F8100EFC5F1 /* AnimationScrollView.swift in Sources */ = {isa = PBXBuildFile; fileRef = 260A79661C575F8100EFC5F1 /* AnimationScrollView.swift */; };
		260A796C1C57614F00EFC5F1 /* KMPlaceholderTextView.swift in Sources */ = {isa = PBXBuildFile; fileRef = 260A796B1C57614F00EFC5F1 /* KMPlaceholderTextView.swift */; };
		26657A4B1D6EFD8A00538C02 /* KButton.swift in Sources */ = {isa = PBXBuildFile; fileRef = 26657A4A1D6EFD8A00538C02 /* KButton.swift */; };
		26657A4D1D6EFEE100538C02 /* FlatSpinnerView.swift in Sources */ = {isa = PBXBuildFile; fileRef = 26657A4C1D6EFEE100538C02 /* FlatSpinnerView.swift */; };
		26657A4F1D6F02EB00538C02 /* KTextField.swift in Sources */ = {isa = PBXBuildFile; fileRef = 26657A4E1D6F02EB00538C02 /* KTextField.swift */; };
		2688E7AB1C5F35D6007DD00A /* DatePickerDialog.swift in Sources */ = {isa = PBXBuildFile; fileRef = 2688E7AA1C5F35D6007DD00A /* DatePickerDialog.swift */; };
		26B72D191D706A8D0009DA07 /* UIImage.swift in Sources */ = {isa = PBXBuildFile; fileRef = 26B72D181D706A8D0009DA07 /* UIImage.swift */; };
		26B72D1B1D70E9ED0009DA07 /* UIViewController.swift in Sources */ = {isa = PBXBuildFile; fileRef = 26B72D1A1D70E9ED0009DA07 /* UIViewController.swift */; };
		26B72D1D1D70EABE0009DA07 /* UITextField.swift in Sources */ = {isa = PBXBuildFile; fileRef = 26B72D1C1D70EABE0009DA07 /* UITextField.swift */; };
		26B72D1F1D70EB420009DA07 /* UIView.swift in Sources */ = {isa = PBXBuildFile; fileRef = 26B72D1E1D70EB420009DA07 /* UIView.swift */; };
/* End PBXBuildFile section */

/* Begin PBXFileReference section */
		260A79121C562FBF00EFC5F1 /* kLibrary.app */ = {isa = PBXFileReference; explicitFileType = wrapper.application; includeInIndex = 0; path = kLibrary.app; sourceTree = BUILT_PRODUCTS_DIR; };
		260A79151C562FBF00EFC5F1 /* AppDelegate.swift */ = {isa = PBXFileReference; lastKnownFileType = sourcecode.swift; path = AppDelegate.swift; sourceTree = "<group>"; };
		260A791C1C562FBF00EFC5F1 /* Assets.xcassets */ = {isa = PBXFileReference; lastKnownFileType = folder.assetcatalog; path = Assets.xcassets; sourceTree = "<group>"; };
		260A791F1C562FBF00EFC5F1 /* Base */ = {isa = PBXFileReference; lastKnownFileType = file.storyboard; name = Base; path = Base.lproj/LaunchScreen.storyboard; sourceTree = "<group>"; };
		260A79211C562FBF00EFC5F1 /* Info.plist */ = {isa = PBXFileReference; lastKnownFileType = text.plist.xml; path = Info.plist; sourceTree = "<group>"; };
		260A79291C562FE600EFC5F1 /* StringExtension.swift */ = {isa = PBXFileReference; fileEncoding = 4; lastKnownFileType = sourcecode.swift; path = StringExtension.swift; sourceTree = "<group>"; };
		260A794C1C572A3300EFC5F1 /* NSDateExtension.swift */ = {isa = PBXFileReference; fileEncoding = 4; lastKnownFileType = sourcecode.swift; path = NSDateExtension.swift; sourceTree = "<group>"; };
		260A79501C572B2200EFC5F1 /* UIExtension.swift */ = {isa = PBXFileReference; fileEncoding = 4; lastKnownFileType = sourcecode.swift; path = UIExtension.swift; sourceTree = "<group>"; };
		260A79521C572CF100EFC5F1 /* Utilities.swift */ = {isa = PBXFileReference; fileEncoding = 4; lastKnownFileType = sourcecode.swift; path = Utilities.swift; sourceTree = "<group>"; };
		260A79541C5730F600EFC5F1 /* ContactPickerIntention.swift */ = {isa = PBXFileReference; fileEncoding = 4; lastKnownFileType = sourcecode.swift; path = ContactPickerIntention.swift; sourceTree = "<group>"; };
		260A79571C57316200EFC5F1 /* ExpandTextField.swift */ = {isa = PBXFileReference; fileEncoding = 4; lastKnownFileType = sourcecode.swift; path = ExpandTextField.swift; sourceTree = "<group>"; };
		260A79591C5731AB00EFC5F1 /* ImageSlideShowIntention.swift */ = {isa = PBXFileReference; fileEncoding = 4; lastKnownFileType = sourcecode.swift; path = ImageSlideShowIntention.swift; sourceTree = "<group>"; };
		260A795E1C575A5100EFC5F1 /* KPageViewController.swift */ = {isa = PBXFileReference; fileEncoding = 4; lastKnownFileType = sourcecode.swift; path = KPageViewController.swift; sourceTree = "<group>"; };
		260A795F1C575A5100EFC5F1 /* PageItemController.swift */ = {isa = PBXFileReference; fileEncoding = 4; lastKnownFileType = sourcecode.swift; path = PageItemController.swift; sourceTree = "<group>"; };
		260A79601C575A5100EFC5F1 /* MainViewController.swift */ = {isa = PBXFileReference; fileEncoding = 4; lastKnownFileType = sourcecode.swift; path = MainViewController.swift; sourceTree = "<group>"; };
		260A79651C575F8100EFC5F1 /* BarButtonNumber.swift */ = {isa = PBXFileReference; fileEncoding = 4; lastKnownFileType = sourcecode.swift; path = BarButtonNumber.swift; sourceTree = "<group>"; };
		260A79661C575F8100EFC5F1 /* AnimationScrollView.swift */ = {isa = PBXFileReference; fileEncoding = 4; lastKnownFileType = sourcecode.swift; path = AnimationScrollView.swift; sourceTree = "<group>"; };
		260A796B1C57614F00EFC5F1 /* KMPlaceholderTextView.swift */ = {isa = PBXFileReference; fileEncoding = 4; lastKnownFileType = sourcecode.swift; path = KMPlaceholderTextView.swift; sourceTree = "<group>"; };
		26657A4A1D6EFD8A00538C02 /* KButton.swift */ = {isa = PBXFileReference; fileEncoding = 4; lastKnownFileType = sourcecode.swift; path = KButton.swift; sourceTree = "<group>"; };
		26657A4C1D6EFEE100538C02 /* FlatSpinnerView.swift */ = {isa = PBXFileReference; fileEncoding = 4; lastKnownFileType = sourcecode.swift; path = FlatSpinnerView.swift; sourceTree = "<group>"; };
		26657A4E1D6F02EB00538C02 /* KTextField.swift */ = {isa = PBXFileReference; fileEncoding = 4; lastKnownFileType = sourcecode.swift; path = KTextField.swift; sourceTree = "<group>"; };
		2688E7AA1C5F35D6007DD00A /* DatePickerDialog.swift */ = {isa = PBXFileReference; fileEncoding = 4; lastKnownFileType = sourcecode.swift; path = DatePickerDialog.swift; sourceTree = "<group>"; };
		26B72D181D706A8D0009DA07 /* UIImage.swift */ = {isa = PBXFileReference; fileEncoding = 4; lastKnownFileType = sourcecode.swift; path = UIImage.swift; sourceTree = "<group>"; };
		26B72D1A1D70E9ED0009DA07 /* UIViewController.swift */ = {isa = PBXFileReference; fileEncoding = 4; lastKnownFileType = sourcecode.swift; path = UIViewController.swift; sourceTree = "<group>"; };
		26B72D1C1D70EABE0009DA07 /* UITextField.swift */ = {isa = PBXFileReference; fileEncoding = 4; lastKnownFileType = sourcecode.swift; path = UITextField.swift; sourceTree = "<group>"; };
		26B72D1E1D70EB420009DA07 /* UIView.swift */ = {isa = PBXFileReference; fileEncoding = 4; lastKnownFileType = sourcecode.swift; path = UIView.swift; sourceTree = "<group>"; };
/* End PBXFileReference section */

/* Begin PBXFrameworksBuildPhase section */
		260A790F1C562FBF00EFC5F1 /* Frameworks */ = {
			isa = PBXFrameworksBuildPhase;
			buildActionMask = 2147483647;
			files = (
			);
			runOnlyForDeploymentPostprocessing = 0;
		};
/* End PBXFrameworksBuildPhase section */

/* Begin PBXGroup section */
		260A79091C562FBF00EFC5F1 = {
			isa = PBXGroup;
			children = (
				260A79141C562FBF00EFC5F1 /* kLibrary */,
				260A79281C562FD400EFC5F1 /* Supporting */,
				260A79131C562FBF00EFC5F1 /* Products */,
			);
			sourceTree = "<group>";
		};
		260A79131C562FBF00EFC5F1 /* Products */ = {
			isa = PBXGroup;
			children = (
				260A79121C562FBF00EFC5F1 /* kLibrary.app */,
			);
			name = Products;
			sourceTree = "<group>";
		};
		260A79141C562FBF00EFC5F1 /* kLibrary */ = {
			isa = PBXGroup;
			children = (
				260A79561C57310000EFC5F1 /* component */,
				260A794F1C572B0C00EFC5F1 /* extension */,
				260A79521C572CF100EFC5F1 /* Utilities.swift */,
			);
			path = kLibrary;
			sourceTree = "<group>";
		};
		260A79281C562FD400EFC5F1 /* Supporting */ = {
			isa = PBXGroup;
			children = (
				260A79151C562FBF00EFC5F1 /* AppDelegate.swift */,
				260A791C1C562FBF00EFC5F1 /* Assets.xcassets */,
				260A791E1C562FBF00EFC5F1 /* LaunchScreen.storyboard */,
				260A79211C562FBF00EFC5F1 /* Info.plist */,
			);
			name = Supporting;
			path = kLibrary;
			sourceTree = "<group>";
		};
		260A794F1C572B0C00EFC5F1 /* extension */ = {
			isa = PBXGroup;
			children = (
				260A79291C562FE600EFC5F1 /* StringExtension.swift */,
				26657A4C1D6EFEE100538C02 /* FlatSpinnerView.swift */,
				260A794C1C572A3300EFC5F1 /* NSDateExtension.swift */,
				260A79501C572B2200EFC5F1 /* UIExtension.swift */,
				26B72D1C1D70EABE0009DA07 /* UITextField.swift */,
				26B72D1E1D70EB420009DA07 /* UIView.swift */,
				26B72D181D706A8D0009DA07 /* UIImage.swift */,
				26B72D1A1D70E9ED0009DA07 /* UIViewController.swift */,
			);
			name = extension;
			sourceTree = "<group>";
		};
		260A79561C57310000EFC5F1 /* component */ = {
			isa = PBXGroup;
			children = (
				260A79641C575A5600EFC5F1 /* page view controller */,
				260A79661C575F8100EFC5F1 /* AnimationScrollView.swift */,
				260A79651C575F8100EFC5F1 /* BarButtonNumber.swift */,
				260A79541C5730F600EFC5F1 /* ContactPickerIntention.swift */,
				2688E7AA1C5F35D6007DD00A /* DatePickerDialog.swift */,
				260A79571C57316200EFC5F1 /* ExpandTextField.swift */,
				260A79591C5731AB00EFC5F1 /* ImageSlideShowIntention.swift */,
				260A796B1C57614F00EFC5F1 /* KMPlaceholderTextView.swift */,
				26657A4A1D6EFD8A00538C02 /* KButton.swift */,
				26657A4E1D6F02EB00538C02 /* KTextField.swift */,
			);
			name = component;
			sourceTree = "<group>";
		};
		260A79641C575A5600EFC5F1 /* page view controller */ = {
			isa = PBXGroup;
			children = (
				260A795E1C575A5100EFC5F1 /* KPageViewController.swift */,
				260A795F1C575A5100EFC5F1 /* PageItemController.swift */,
				260A79601C575A5100EFC5F1 /* MainViewController.swift */,
			);
			name = "page view controller";
			sourceTree = "<group>";
		};
/* End PBXGroup section */

/* Begin PBXNativeTarget section */
		260A79111C562FBF00EFC5F1 /* kLibrary */ = {
			isa = PBXNativeTarget;
			buildConfigurationList = 260A79241C562FBF00EFC5F1 /* Build configuration list for PBXNativeTarget "kLibrary" */;
			buildPhases = (
				260A790E1C562FBF00EFC5F1 /* Sources */,
				260A790F1C562FBF00EFC5F1 /* Frameworks */,
				260A79101C562FBF00EFC5F1 /* Resources */,
			);
			buildRules = (
			);
			dependencies = (
			);
			name = kLibrary;
			productName = kLibrary;
			productReference = 260A79121C562FBF00EFC5F1 /* kLibrary.app */;
			productType = "com.apple.product-type.application";
		};
/* End PBXNativeTarget section */

/* Begin PBXProject section */
		260A790A1C562FBF00EFC5F1 /* Project object */ = {
			isa = PBXProject;
			attributes = {
				LastSwiftUpdateCheck = 0720;
				LastUpgradeCheck = 0720;
				ORGANIZATIONNAME = "Ky Nguyen";
				TargetAttributes = {
					260A79111C562FBF00EFC5F1 = {
						CreatedOnToolsVersion = 7.2;
					};
				};
			};
			buildConfigurationList = 260A790D1C562FBF00EFC5F1 /* Build configuration list for PBXProject "kLibrary" */;
			compatibilityVersion = "Xcode 3.2";
			developmentRegion = English;
			hasScannedForEncodings = 0;
			knownRegions = (
				en,
				Base,
			);
			mainGroup = 260A79091C562FBF00EFC5F1;
			productRefGroup = 260A79131C562FBF00EFC5F1 /* Products */;
			projectDirPath = "";
			projectRoot = "";
			targets = (
				260A79111C562FBF00EFC5F1 /* kLibrary */,
			);
		};
/* End PBXProject section */

/* Begin PBXResourcesBuildPhase section */
		260A79101C562FBF00EFC5F1 /* Resources */ = {
			isa = PBXResourcesBuildPhase;
			buildActionMask = 2147483647;
			files = (
				260A79201C562FBF00EFC5F1 /* LaunchScreen.storyboard in Resources */,
				260A791D1C562FBF00EFC5F1 /* Assets.xcassets in Resources */,
			);
			runOnlyForDeploymentPostprocessing = 0;
		};
/* End PBXResourcesBuildPhase section */

/* Begin PBXSourcesBuildPhase section */
		260A790E1C562FBF00EFC5F1 /* Sources */ = {
			isa = PBXSourcesBuildPhase;
			buildActionMask = 2147483647;
			files = (
				26657A4B1D6EFD8A00538C02 /* KButton.swift in Sources */,
				260A79611C575A5100EFC5F1 /* KPageViewController.swift in Sources */,
				26B72D1F1D70EB420009DA07 /* UIView.swift in Sources */,
				26B72D1D1D70EABE0009DA07 /* UITextField.swift in Sources */,
				260A796C1C57614F00EFC5F1 /* KMPlaceholderTextView.swift in Sources */,
				260A79631C575A5100EFC5F1 /* MainViewController.swift in Sources */,
				260A79681C575F8100EFC5F1 /* BarButtonNumber.swift in Sources */,
				260A79511C572B2200EFC5F1 /* UIExtension.swift in Sources */,
				260A79551C5730F600EFC5F1 /* ContactPickerIntention.swift in Sources */,
				260A79621C575A5100EFC5F1 /* PageItemController.swift in Sources */,
				2688E7AB1C5F35D6007DD00A /* DatePickerDialog.swift in Sources */,
				260A79531C572CF100EFC5F1 /* Utilities.swift in Sources */,
				260A794D1C572A3300EFC5F1 /* NSDateExtension.swift in Sources */,
				260A795A1C5731AB00EFC5F1 /* ImageSlideShowIntention.swift in Sources */,
				260A79161C562FBF00EFC5F1 /* AppDelegate.swift in Sources */,
				260A79691C575F8100EFC5F1 /* AnimationScrollView.swift in Sources */,
				26B72D1B1D70E9ED0009DA07 /* UIViewController.swift in Sources */,
				260A79581C57316200EFC5F1 /* ExpandTextField.swift in Sources */,
				260A792A1C562FE600EFC5F1 /* StringExtension.swift in Sources */,
				26B72D191D706A8D0009DA07 /* UIImage.swift in Sources */,
				26657A4D1D6EFEE100538C02 /* FlatSpinnerView.swift in Sources */,
				26657A4F1D6F02EB00538C02 /* KTextField.swift in Sources */,
			);
			runOnlyForDeploymentPostprocessing = 0;
		};
/* End PBXSourcesBuildPhase section */

/* Begin PBXVariantGroup section */
		260A791E1C562FBF00EFC5F1 /* LaunchScreen.storyboard */ = {
			isa = PBXVariantGroup;
			children = (
				260A791F1C562FBF00EFC5F1 /* Base */,
			);
			name = LaunchScreen.storyboard;
			sourceTree = "<group>";
		};
/* End PBXVariantGroup section */

/* Begin XCBuildConfiguration section */
		260A79221C562FBF00EFC5F1 /* Debug */ = {
			isa = XCBuildConfiguration;
			buildSettings = {
				ALWAYS_SEARCH_USER_PATHS = NO;
				CLANG_CXX_LANGUAGE_STANDARD = "gnu++0x";
				CLANG_CXX_LIBRARY = "libc++";
				CLANG_ENABLE_MODULES = YES;
				CLANG_ENABLE_OBJC_ARC = YES;
				CLANG_WARN_BOOL_CONVERSION = YES;
				CLANG_WARN_CONSTANT_CONVERSION = YES;
				CLANG_WARN_DIRECT_OBJC_ISA_USAGE = YES_ERROR;
				CLANG_WARN_EMPTY_BODY = YES;
				CLANG_WARN_ENUM_CONVERSION = YES;
				CLANG_WARN_INT_CONVERSION = YES;
				CLANG_WARN_OBJC_ROOT_CLASS = YES_ERROR;
				CLANG_WARN_UNREACHABLE_CODE = YES;
				CLANG_WARN__DUPLICATE_METHOD_MATCH = YES;
				"CODE_SIGN_IDENTITY[sdk=iphoneos*]" = "iPhone Developer";
				COPY_PHASE_STRIP = NO;
				DEBUG_INFORMATION_FORMAT = dwarf;
				ENABLE_STRICT_OBJC_MSGSEND = YES;
				ENABLE_TESTABILITY = YES;
				GCC_C_LANGUAGE_STANDARD = gnu99;
				GCC_DYNAMIC_NO_PIC = NO;
				GCC_NO_COMMON_BLOCKS = YES;
				GCC_OPTIMIZATION_LEVEL = 0;
				GCC_PREPROCESSOR_DEFINITIONS = (
					"DEBUG=1",
					"$(inherited)",
				);
				GCC_WARN_64_TO_32_BIT_CONVERSION = YES;
				GCC_WARN_ABOUT_RETURN_TYPE = YES_ERROR;
				GCC_WARN_UNDECLARED_SELECTOR = YES;
				GCC_WARN_UNINITIALIZED_AUTOS = YES_AGGRESSIVE;
				GCC_WARN_UNUSED_FUNCTION = YES;
				GCC_WARN_UNUSED_VARIABLE = YES;
				IPHONEOS_DEPLOYMENT_TARGET = 8.2;
				MTL_ENABLE_DEBUG_INFO = YES;
				ONLY_ACTIVE_ARCH = YES;
				SDKROOT = iphoneos;
				SWIFT_OPTIMIZATION_LEVEL = "-Onone";
			};
			name = Debug;
		};
		260A79231C562FBF00EFC5F1 /* Release */ = {
			isa = XCBuildConfiguration;
			buildSettings = {
				ALWAYS_SEARCH_USER_PATHS = NO;
				CLANG_CXX_LANGUAGE_STANDARD = "gnu++0x";
				CLANG_CXX_LIBRARY = "libc++";
				CLANG_ENABLE_MODULES = YES;
				CLANG_ENABLE_OBJC_ARC = YES;
				CLANG_WARN_BOOL_CONVERSION = YES;
				CLANG_WARN_CONSTANT_CONVERSION = YES;
				CLANG_WARN_DIRECT_OBJC_ISA_USAGE = YES_ERROR;
				CLANG_WARN_EMPTY_BODY = YES;
				CLANG_WARN_ENUM_CONVERSION = YES;
				CLANG_WARN_INT_CONVERSION = YES;
				CLANG_WARN_OBJC_ROOT_CLASS = YES_ERROR;
				CLANG_WARN_UNREACHABLE_CODE = YES;
				CLANG_WARN__DUPLICATE_METHOD_MATCH = YES;
				"CODE_SIGN_IDENTITY[sdk=iphoneos*]" = "iPhone Developer";
				COPY_PHASE_STRIP = NO;
				DEBUG_INFORMATION_FORMAT = "dwarf-with-dsym";
				ENABLE_NS_ASSERTIONS = NO;
				ENABLE_STRICT_OBJC_MSGSEND = YES;
				GCC_C_LANGUAGE_STANDARD = gnu99;
				GCC_NO_COMMON_BLOCKS = YES;
				GCC_WARN_64_TO_32_BIT_CONVERSION = YES;
				GCC_WARN_ABOUT_RETURN_TYPE = YES_ERROR;
				GCC_WARN_UNDECLARED_SELECTOR = YES;
				GCC_WARN_UNINITIALIZED_AUTOS = YES_AGGRESSIVE;
				GCC_WARN_UNUSED_FUNCTION = YES;
				GCC_WARN_UNUSED_VARIABLE = YES;
				IPHONEOS_DEPLOYMENT_TARGET = 8.2;
				MTL_ENABLE_DEBUG_INFO = NO;
				SDKROOT = iphoneos;
				VALIDATE_PRODUCT = YES;
			};
			name = Release;
		};
		260A79251C562FBF00EFC5F1 /* Debug */ = {
			isa = XCBuildConfiguration;
			buildSettings = {
				ASSETCATALOG_COMPILER_APPICON_NAME = AppIcon;
				INFOPLIST_FILE = kLibrary/Info.plist;
				LD_RUNPATH_SEARCH_PATHS = "$(inherited) @executable_path/Frameworks";
				PRODUCT_BUNDLE_IDENTIFIER = phuot.kLibrary;
				PRODUCT_NAME = "$(TARGET_NAME)";
			};
			name = Debug;
		};
		260A79261C562FBF00EFC5F1 /* Release */ = {
			isa = XCBuildConfiguration;
			buildSettings = {
				ASSETCATALOG_COMPILER_APPICON_NAME = AppIcon;
				INFOPLIST_FILE = kLibrary/Info.plist;
				LD_RUNPATH_SEARCH_PATHS = "$(inherited) @executable_path/Frameworks";
				PRODUCT_BUNDLE_IDENTIFIER = phuot.kLibrary;
				PRODUCT_NAME = "$(TARGET_NAME)";
			};
			name = Release;
		};
/* End XCBuildConfiguration section */

/* Begin XCConfigurationList section */
		260A790D1C562FBF00EFC5F1 /* Build configuration list for PBXProject "kLibrary" */ = {
			isa = XCConfigurationList;
			buildConfigurations = (
				260A79221C562FBF00EFC5F1 /* Debug */,
				260A79231C562FBF00EFC5F1 /* Release */,
			);
			defaultConfigurationIsVisible = 0;
			defaultConfigurationName = Release;
		};
		260A79241C562FBF00EFC5F1 /* Build configuration list for PBXNativeTarget "kLibrary" */ = {
			isa = XCConfigurationList;
			buildConfigurations = (
				260A79251C562FBF00EFC5F1 /* Debug */,
				260A79261C562FBF00EFC5F1 /* Release */,
			);
			defaultConfigurationIsVisible = 0;
			defaultConfigurationName = Release;
		};
/* End XCConfigurationList section */
	};
	rootObject = 260A790A1C562FBF00EFC5F1 /* Project object */;
}
